
Microsoft Visual Studio Solution File, Format Version 12.00
# Visual Studio 15
VisualStudioVersion = 15.0.28307.421
MinimumVisualStudioVersion = 10.0.40219.1
Project("{FAE04EC0-301F-11D3-BF4B-00C04F79EFBC}") = "TibosiHelper", "TibosiHelper.csproj", "{05C00437-A309-4C48-8A36-A8B8F2B3DD4B}"
EndProject
Global
	GlobalSection(SolutionConfigurationPlatforms) = preSolution
		Debug|Any CPU = Debug|Any CPU
		Release|Any CPU = Release|Any CPU
	EndGlobalSection
	GlobalSection(ProjectConfigurationPlatforms) = postSolution
		{05C00437-A309-4C48-8A36-A8B8F2B3DD4B}.Debug|Any CPU.ActiveCfg = Debug|Any CPU
		{05C00437-A309-4C48-8A36-A8B8F2B3DD4B}.Debug|Any CPU.Build.0 = Debug|Any CPU
		{05C00437-A309-4C48-8A36-A8B8F2B3DD4B}.Release|Any CPU.ActiveCfg = Release|Any CPU
		{05C00437-A309-4C48-8A36-A8B8F2B3DD4B}.Release|Any CPU.Build.0 = Release|Any CPU
	EndGlobalSection
	GlobalSection(SolutionProperties) = preSolution
		HideSolutionNode = FALSE
	EndGlobalSection
	GlobalSection(ExtensibilityGlobals) = postSolution
		SolutionGuid = {363EF0A3-D8AF-465C-991D-0D2AAAA30B4E}
	EndGlobalSection
EndGlobal
